// !$*UTF8*$!
{
	archiveVersion = 1;
	classes = {
	};
	objectVersion = 54;
	objects = {

/* Begin PBXBuildFile section */
		00E356F31AD99517003FC87E /* SunEnergyTests.m in Sources */ = {isa = PBXBuildFile; fileRef = 00E356F21AD99517003FC87E /* SunEnergyTests.m */; };
		0C80B921A6F3F58F76C31292 /* libPods-SunEnergy.a in Frameworks */ = {isa = PBXBuildFile; fileRef = 5DCACB8F33CDC322A6C60F78 /* libPods-SunEnergy.a */; };
		13B07FBC1A68108700A75B9A /* AppDelegate.mm in Sources */ = {isa = PBXBuildFile; fileRef = 13B07FB01A68108700A75B9A /* AppDelegate.mm */; };
		13B07FBF1A68108700A75B9A /* Images.xcassets in Resources */ = {isa = PBXBuildFile; fileRef = 13B07FB51A68108700A75B9A /* Images.xcassets */; };
		13B07FC11A68108700A75B9A /* main.m in Sources */ = {isa = PBXBuildFile; fileRef = 13B07FB71A68108700A75B9A /* main.m */; };
		141ECD6F3617456E8A4FFE2E /* Montserrat-Thin.ttf in Resources */ = {isa = PBXBuildFile; fileRef = C1B8981653E2414985212AB4 /* Montserrat-Thin.ttf */; };
		1EDDE5F32079460DAFE635DC /* Montserrat-SemiBold.ttf in Resources */ = {isa = PBXBuildFile; fileRef = 7F3A92642A414912BB5C32F5 /* Montserrat-SemiBold.ttf */; };
		2713EA1C4E78464994CA2EFE /* Montserrat-ExtraLight.ttf in Resources */ = {isa = PBXBuildFile; fileRef = 4BBFFE689C594B6292B47AA9 /* Montserrat-ExtraLight.ttf */; };
		345544B5CB05450B8FFADAA8 /* reload.png in Resources */ = {isa = PBXBuildFile; fileRef = B4DC55CD56E742DEB684401D /* reload.png */; };
		359CC05BAF144031BA4D93A2 /* navlight.png in Resources */ = {isa = PBXBuildFile; fileRef = 1F98A8FFA57D409D9F3A3D7F /* navlight.png */; };
		3A90C11CBEE044578CBFC25E /* profile.png in Resources */ = {isa = PBXBuildFile; fileRef = 6FA466E93C054FA6BC97D263 /* profile.png */; };
		3ED847381B7C4B24842CDBFF /* Montserrat-ExtraLightItalic.ttf in Resources */ = {isa = PBXBuildFile; fileRef = 501D1CD9AE8F4186BE242E4D /* Montserrat-ExtraLightItalic.ttf */; };
		4508C6248D94413DB4D05432 /* sparksbig.png in Resources */ = {isa = PBXBuildFile; fileRef = 73B43FF6C44C40019BAEA44C /* sparksbig.png */; };
		4608507038CE4331AC968C0B /* Montserrat-MediumItalic.ttf in Resources */ = {isa = PBXBuildFile; fileRef = B6924E22AD6E483894C231C2 /* Montserrat-MediumItalic.ttf */; };
		5EDC208F15124BCDAC16C49C /* Montserrat-Bold.ttf in Resources */ = {isa = PBXBuildFile; fileRef = CB856292815147F29EAF7DE7 /* Montserrat-Bold.ttf */; };
		600349A268D2440D9DE02FD6 /* Montserrat-ExtraBold.ttf in Resources */ = {isa = PBXBuildFile; fileRef = 2D3B326F47684AA495253FDF /* Montserrat-ExtraBold.ttf */; };
		6FF0BA17D5E04E8C9C71298E /* sparkspurple.png in Resources */ = {isa = PBXBuildFile; fileRef = C7D03E084D17447F94F52953 /* sparkspurple.png */; };
		704C3F998D77498DA6C70BAC /* navshare.png in Resources */ = {isa = PBXBuildFile; fileRef = C0DEEA5C16DA49F88F9F4970 /* navshare.png */; };
		74206BC750BE4848BBF197C7 /* Montserrat-BoldItalic.ttf in Resources */ = {isa = PBXBuildFile; fileRef = B2088E085141438E927F5677 /* Montserrat-BoldItalic.ttf */; };
		7699B88040F8A987B510C191 /* libPods-SunEnergy-SunEnergyTests.a in Frameworks */ = {isa = PBXBuildFile; fileRef = 19F6CBCC0A4E27FBF8BF4A61 /* libPods-SunEnergy-SunEnergyTests.a */; };
		7B912E6D2E244284883F17E8 /* sparksbutton.png in Resources */ = {isa = PBXBuildFile; fileRef = 93021681B40D404C9B00417A /* sparksbutton.png */; };
		7CD00C005D404040AFB7EF79 /* pause.png in Resources */ = {isa = PBXBuildFile; fileRef = 872EB1B3E987461E87DFD226 /* pause.png */; };
		81AB9BB82411601600AC10FF /* LaunchScreen.storyboard in Resources */ = {isa = PBXBuildFile; fileRef = 81AB9BB72411601600AC10FF /* LaunchScreen.storyboard */; };
		8503C8CCDFB147C39DA0B281 /* Montserrat-SemiBoldItalic.ttf in Resources */ = {isa = PBXBuildFile; fileRef = 041A351AFCB64FD18561B0BD /* Montserrat-SemiBoldItalic.ttf */; };
		8F9C8892806A4B28AC4F7CD2 /* bookmark.png in Resources */ = {isa = PBXBuildFile; fileRef = 75196898E7E2402CA6BE7149 /* bookmark.png */; };
		91C51DCD29C74804AEF0A914 /* checks.png in Resources */ = {isa = PBXBuildFile; fileRef = 7BEC4FD8581C47D1BD841317 /* checks.png */; };
		91E441C4EF004B118EA9F149 /* Montserrat-ExtraBoldItalic.ttf in Resources */ = {isa = PBXBuildFile; fileRef = F287818FED2C4D9AA96E25AB /* Montserrat-ExtraBoldItalic.ttf */; };
		930E0294AA1F44FC8060954E /* Montserrat-Regular.ttf in Resources */ = {isa = PBXBuildFile; fileRef = 8059194D14E74E38A55A4DD4 /* Montserrat-Regular.ttf */; };
		93C6F3D57EA34FABB3CEF977 /* Montserrat-Light.ttf in Resources */ = {isa = PBXBuildFile; fileRef = 3B69710F3CAE41139AE6FE01 /* Montserrat-Light.ttf */; };
		98BA7DA8727543879138B188 /* onboardbg.png in Resources */ = {isa = PBXBuildFile; fileRef = 87969D23B1AA4FAA914A08D3 /* onboardbg.png */; };
		A1CE2AC2C190455CB7AE6CC0 /* DelaGothicOne-Regular.ttf in Resources */ = {isa = PBXBuildFile; fileRef = 0396C7920E944FEA9E38304A /* DelaGothicOne-Regular.ttf */; };
		AB40E52EE5CB452498EEEF31 /* stop.png in Resources */ = {isa = PBXBuildFile; fileRef = BBAE054933C943569480C829 /* stop.png */; };
		ACAD40B2CDD5410F9A9CFA00 /* navprofile.png in Resources */ = {isa = PBXBuildFile; fileRef = E4C93B59CDAD41D9A470E941 /* navprofile.png */; };
		BA0CB352DFC4413DAB71FCBC /* Montserrat-LightItalic.ttf in Resources */ = {isa = PBXBuildFile; fileRef = DFD530F4AE0E46899C8F78EE /* Montserrat-LightItalic.ttf */; };
		C7E58838CEB8463FA0C23EC1 /* Montserrat-Italic.ttf in Resources */ = {isa = PBXBuildFile; fileRef = 0E876422692249B7A98C4928 /* Montserrat-Italic.ttf */; };
		CF0F392AA7B8834747F56184 /* PrivacyInfo.xcprivacy in Resources */ = {isa = PBXBuildFile; fileRef = DE49403B514C5226DA71BEF8 /* PrivacyInfo.xcprivacy */; };
		D6B069C8C48C44F3B8878BDD /* Montserrat-Medium.ttf in Resources */ = {isa = PBXBuildFile; fileRef = 10D1B42C1A004F928169B351 /* Montserrat-Medium.ttf */; };
		E15D339794884FC9850B6D21 /* Montserrat-ThinItalic.ttf in Resources */ = {isa = PBXBuildFile; fileRef = 93B2D8724AB04BE68C91E251 /* Montserrat-ThinItalic.ttf */; };
		F9EF1B5CBA664C86925D3F0A /* Montserrat-BlackItalic.ttf in Resources */ = {isa = PBXBuildFile; fileRef = 6D9EE10DD96F4A009779F05A /* Montserrat-BlackItalic.ttf */; };
		FB453E5724C84481B58D5745 /* share.png in Resources */ = {isa = PBXBuildFile; fileRef = DC94E88575BB45F6B70F083C /* share.png */; };
		FE05BDFD28CA40D98F494105 /* Montserrat-Black.ttf in Resources */ = {isa = PBXBuildFile; fileRef = C3ED523391D440DD91E2D63E /* Montserrat-Black.ttf */; };
/* End PBXBuildFile section */

/* Begin PBXContainerItemProxy section */
		00E356F41AD99517003FC87E /* PBXContainerItemProxy */ = {
			isa = PBXContainerItemProxy;
			containerPortal = 83CBB9F71A601CBA00E9B192 /* Project object */;
			proxyType = 1;
			remoteGlobalIDString = 13B07F861A680F5B00A75B9A;
			remoteInfo = SunEnergy;
		};
/* End PBXContainerItemProxy section */

/* Begin PBXFileReference section */
		00E356EE1AD99517003FC87E /* SunEnergyTests.xctest */ = {isa = PBXFileReference; explicitFileType = wrapper.cfbundle; includeInIndex = 0; path = SunEnergyTests.xctest; sourceTree = BUILT_PRODUCTS_DIR; };
		00E356F11AD99517003FC87E /* Info.plist */ = {isa = PBXFileReference; lastKnownFileType = text.plist.xml; path = Info.plist; sourceTree = "<group>"; };
		00E356F21AD99517003FC87E /* SunEnergyTests.m */ = {isa = PBXFileReference; lastKnownFileType = sourcecode.c.objc; path = SunEnergyTests.m; sourceTree = "<group>"; };
		0396C7920E944FEA9E38304A /* DelaGothicOne-Regular.ttf */ = {isa = PBXFileReference; explicitFileType = undefined; fileEncoding = 9; includeInIndex = 0; lastKnownFileType = unknown; name = "DelaGothicOne-Regular.ttf"; path = "../src/shared/assets/fonts/DelaGothicOne-Regular.ttf"; sourceTree = "<group>"; };
		041A351AFCB64FD18561B0BD /* Montserrat-SemiBoldItalic.ttf */ = {isa = PBXFileReference; explicitFileType = undefined; fileEncoding = 9; includeInIndex = 0; lastKnownFileType = unknown; name = "Montserrat-SemiBoldItalic.ttf"; path = "../src/shared/assets/fonts/Montserrat-SemiBoldItalic.ttf"; sourceTree = "<group>"; };
		0E876422692249B7A98C4928 /* Montserrat-Italic.ttf */ = {isa = PBXFileReference; explicitFileType = undefined; fileEncoding = 9; includeInIndex = 0; lastKnownFileType = unknown; name = "Montserrat-Italic.ttf"; path = "../src/shared/assets/fonts/Montserrat-Italic.ttf"; sourceTree = "<group>"; };
		10D1B42C1A004F928169B351 /* Montserrat-Medium.ttf */ = {isa = PBXFileReference; explicitFileType = undefined; fileEncoding = 9; includeInIndex = 0; lastKnownFileType = unknown; name = "Montserrat-Medium.ttf"; path = "../src/shared/assets/fonts/Montserrat-Medium.ttf"; sourceTree = "<group>"; };
		13B07F961A680F5B00A75B9A /* SunEnergy.app */ = {isa = PBXFileReference; explicitFileType = wrapper.application; includeInIndex = 0; path = SunEnergy.app; sourceTree = BUILT_PRODUCTS_DIR; };
		13B07FAF1A68108700A75B9A /* AppDelegate.h */ = {isa = PBXFileReference; fileEncoding = 4; lastKnownFileType = sourcecode.c.h; name = AppDelegate.h; path = SunEnergy/AppDelegate.h; sourceTree = "<group>"; };
		13B07FB01A68108700A75B9A /* AppDelegate.mm */ = {isa = PBXFileReference; fileEncoding = 4; lastKnownFileType = sourcecode.cpp.objcpp; name = AppDelegate.mm; path = SunEnergy/AppDelegate.mm; sourceTree = "<group>"; };
		13B07FB51A68108700A75B9A /* Images.xcassets */ = {isa = PBXFileReference; lastKnownFileType = folder.assetcatalog; name = Images.xcassets; path = SunEnergy/Images.xcassets; sourceTree = "<group>"; };
		13B07FB61A68108700A75B9A /* Info.plist */ = {isa = PBXFileReference; fileEncoding = 4; lastKnownFileType = text.plist.xml; name = Info.plist; path = SunEnergy/Info.plist; sourceTree = "<group>"; };
		13B07FB71A68108700A75B9A /* main.m */ = {isa = PBXFileReference; fileEncoding = 4; lastKnownFileType = sourcecode.c.objc; name = main.m; path = SunEnergy/main.m; sourceTree = "<group>"; };
		13B07FB81A68108700A75B9A /* PrivacyInfo.xcprivacy */ = {isa = PBXFileReference; fileEncoding = 4; lastKnownFileType = text.plist.xml; name = PrivacyInfo.xcprivacy; path = SunEnergy/PrivacyInfo.xcprivacy; sourceTree = "<group>"; };
		19F6CBCC0A4E27FBF8BF4A61 /* libPods-SunEnergy-SunEnergyTests.a */ = {isa = PBXFileReference; explicitFileType = archive.ar; includeInIndex = 0; path = "libPods-SunEnergy-SunEnergyTests.a"; sourceTree = BUILT_PRODUCTS_DIR; };
		1F98A8FFA57D409D9F3A3D7F /* navlight.png */ = {isa = PBXFileReference; explicitFileType = undefined; fileEncoding = 9; includeInIndex = 0; lastKnownFileType = unknown; name = navlight.png; path = ../src/shared/assets/navlight.png; sourceTree = "<group>"; };
		2D3B326F47684AA495253FDF /* Montserrat-ExtraBold.ttf */ = {isa = PBXFileReference; explicitFileType = undefined; fileEncoding = 9; includeInIndex = 0; lastKnownFileType = unknown; name = "Montserrat-ExtraBold.ttf"; path = "../src/shared/assets/fonts/Montserrat-ExtraBold.ttf"; sourceTree = "<group>"; };
		3B4392A12AC88292D35C810B /* Pods-SunEnergy.debug.xcconfig */ = {isa = PBXFileReference; includeInIndex = 1; lastKnownFileType = text.xcconfig; name = "Pods-SunEnergy.debug.xcconfig"; path = "Target Support Files/Pods-SunEnergy/Pods-SunEnergy.debug.xcconfig"; sourceTree = "<group>"; };
		3B69710F3CAE41139AE6FE01 /* Montserrat-Light.ttf */ = {isa = PBXFileReference; explicitFileType = undefined; fileEncoding = 9; includeInIndex = 0; lastKnownFileType = unknown; name = "Montserrat-Light.ttf"; path = "../src/shared/assets/fonts/Montserrat-Light.ttf"; sourceTree = "<group>"; };
		4BBFFE689C594B6292B47AA9 /* Montserrat-ExtraLight.ttf */ = {isa = PBXFileReference; explicitFileType = undefined; fileEncoding = 9; includeInIndex = 0; lastKnownFileType = unknown; name = "Montserrat-ExtraLight.ttf"; path = "../src/shared/assets/fonts/Montserrat-ExtraLight.ttf"; sourceTree = "<group>"; };
		501D1CD9AE8F4186BE242E4D /* Montserrat-ExtraLightItalic.ttf */ = {isa = PBXFileReference; explicitFileType = undefined; fileEncoding = 9; includeInIndex = 0; lastKnownFileType = unknown; name = "Montserrat-ExtraLightItalic.ttf"; path = "../src/shared/assets/fonts/Montserrat-ExtraLightItalic.ttf"; sourceTree = "<group>"; };
		5709B34CF0A7D63546082F79 /* Pods-SunEnergy.release.xcconfig */ = {isa = PBXFileReference; includeInIndex = 1; lastKnownFileType = text.xcconfig; name = "Pods-SunEnergy.release.xcconfig"; path = "Target Support Files/Pods-SunEnergy/Pods-SunEnergy.release.xcconfig"; sourceTree = "<group>"; };
		5B7EB9410499542E8C5724F5 /* Pods-SunEnergy-SunEnergyTests.debug.xcconfig */ = {isa = PBXFileReference; includeInIndex = 1; lastKnownFileType = text.xcconfig; name = "Pods-SunEnergy-SunEnergyTests.debug.xcconfig"; path = "Target Support Files/Pods-SunEnergy-SunEnergyTests/Pods-SunEnergy-SunEnergyTests.debug.xcconfig"; sourceTree = "<group>"; };
		5DCACB8F33CDC322A6C60F78 /* libPods-SunEnergy.a */ = {isa = PBXFileReference; explicitFileType = archive.ar; includeInIndex = 0; path = "libPods-SunEnergy.a"; sourceTree = BUILT_PRODUCTS_DIR; };
		6D9EE10DD96F4A009779F05A /* Montserrat-BlackItalic.ttf */ = {isa = PBXFileReference; explicitFileType = undefined; fileEncoding = 9; includeInIndex = 0; lastKnownFileType = unknown; name = "Montserrat-BlackItalic.ttf"; path = "../src/shared/assets/fonts/Montserrat-BlackItalic.ttf"; sourceTree = "<group>"; };
		6FA466E93C054FA6BC97D263 /* profile.png */ = {isa = PBXFileReference; explicitFileType = undefined; fileEncoding = 9; includeInIndex = 0; lastKnownFileType = unknown; name = profile.png; path = ../src/shared/assets/profile.png; sourceTree = "<group>"; };
		73B43FF6C44C40019BAEA44C /* sparksbig.png */ = {isa = PBXFileReference; explicitFileType = undefined; fileEncoding = 9; includeInIndex = 0; lastKnownFileType = unknown; name = sparksbig.png; path = ../src/shared/assets/sparksbig.png; sourceTree = "<group>"; };
		75196898E7E2402CA6BE7149 /* bookmark.png */ = {isa = PBXFileReference; explicitFileType = undefined; fileEncoding = 9; includeInIndex = 0; lastKnownFileType = unknown; name = bookmark.png; path = ../src/shared/assets/bookmark.png; sourceTree = "<group>"; };
		7BEC4FD8581C47D1BD841317 /* checks.png */ = {isa = PBXFileReference; explicitFileType = undefined; fileEncoding = 9; includeInIndex = 0; lastKnownFileType = unknown; name = checks.png; path = ../src/shared/assets/checks.png; sourceTree = "<group>"; };
		7F3A92642A414912BB5C32F5 /* Montserrat-SemiBold.ttf */ = {isa = PBXFileReference; explicitFileType = undefined; fileEncoding = 9; includeInIndex = 0; lastKnownFileType = unknown; name = "Montserrat-SemiBold.ttf"; path = "../src/shared/assets/fonts/Montserrat-SemiBold.ttf"; sourceTree = "<group>"; };
		8059194D14E74E38A55A4DD4 /* Montserrat-Regular.ttf */ = {isa = PBXFileReference; explicitFileType = undefined; fileEncoding = 9; includeInIndex = 0; lastKnownFileType = unknown; name = "Montserrat-Regular.ttf"; path = "../src/shared/assets/fonts/Montserrat-Regular.ttf"; sourceTree = "<group>"; };
		81AB9BB72411601600AC10FF /* LaunchScreen.storyboard */ = {isa = PBXFileReference; fileEncoding = 4; lastKnownFileType = file.storyboard; name = LaunchScreen.storyboard; path = SunEnergy/LaunchScreen.storyboard; sourceTree = "<group>"; };
		872EB1B3E987461E87DFD226 /* pause.png */ = {isa = PBXFileReference; explicitFileType = undefined; fileEncoding = 9; includeInIndex = 0; lastKnownFileType = unknown; name = pause.png; path = ../src/shared/assets/pause.png; sourceTree = "<group>"; };
		87969D23B1AA4FAA914A08D3 /* onboardbg.png */ = {isa = PBXFileReference; explicitFileType = undefined; fileEncoding = 9; includeInIndex = 0; lastKnownFileType = unknown; name = onboardbg.png; path = ../src/shared/assets/onboardbg.png; sourceTree = "<group>"; };
		89C6BE57DB24E9ADA2F236DE /* Pods-SunEnergy-SunEnergyTests.release.xcconfig */ = {isa = PBXFileReference; includeInIndex = 1; lastKnownFileType = text.xcconfig; name = "Pods-SunEnergy-SunEnergyTests.release.xcconfig"; path = "Target Support Files/Pods-SunEnergy-SunEnergyTests/Pods-SunEnergy-SunEnergyTests.release.xcconfig"; sourceTree = "<group>"; };
		93021681B40D404C9B00417A /* sparksbutton.png */ = {isa = PBXFileReference; explicitFileType = undefined; fileEncoding = 9; includeInIndex = 0; lastKnownFileType = unknown; name = sparksbutton.png; path = ../src/shared/assets/sparksbutton.png; sourceTree = "<group>"; };
		93B2D8724AB04BE68C91E251 /* Montserrat-ThinItalic.ttf */ = {isa = PBXFileReference; explicitFileType = undefined; fileEncoding = 9; includeInIndex = 0; lastKnownFileType = unknown; name = "Montserrat-ThinItalic.ttf"; path = "../src/shared/assets/fonts/Montserrat-ThinItalic.ttf"; sourceTree = "<group>"; };
		B2088E085141438E927F5677 /* Montserrat-BoldItalic.ttf */ = {isa = PBXFileReference; explicitFileType = undefined; fileEncoding = 9; includeInIndex = 0; lastKnownFileType = unknown; name = "Montserrat-BoldItalic.ttf"; path = "../src/shared/assets/fonts/Montserrat-BoldItalic.ttf"; sourceTree = "<group>"; };
		B4DC55CD56E742DEB684401D /* reload.png */ = {isa = PBXFileReference; explicitFileType = undefined; fileEncoding = 9; includeInIndex = 0; lastKnownFileType = unknown; name = reload.png; path = ../src/shared/assets/reload.png; sourceTree = "<group>"; };
		B6924E22AD6E483894C231C2 /* Montserrat-MediumItalic.ttf */ = {isa = PBXFileReference; explicitFileType = undefined; fileEncoding = 9; includeInIndex = 0; lastKnownFileType = unknown; name = "Montserrat-MediumItalic.ttf"; path = "../src/shared/assets/fonts/Montserrat-MediumItalic.ttf"; sourceTree = "<group>"; };
		BBAE054933C943569480C829 /* stop.png */ = {isa = PBXFileReference; explicitFileType = undefined; fileEncoding = 9; includeInIndex = 0; lastKnownFileType = unknown; name = stop.png; path = ../src/shared/assets/stop.png; sourceTree = "<group>"; };
		C0DEEA5C16DA49F88F9F4970 /* navshare.png */ = {isa = PBXFileReference; explicitFileType = undefined; fileEncoding = 9; includeInIndex = 0; lastKnownFileType = unknown; name = navshare.png; path = ../src/shared/assets/navshare.png; sourceTree = "<group>"; };
		C1B8981653E2414985212AB4 /* Montserrat-Thin.ttf */ = {isa = PBXFileReference; explicitFileType = undefined; fileEncoding = 9; includeInIndex = 0; lastKnownFileType = unknown; name = "Montserrat-Thin.ttf"; path = "../src/shared/assets/fonts/Montserrat-Thin.ttf"; sourceTree = "<group>"; };
		C3ED523391D440DD91E2D63E /* Montserrat-Black.ttf */ = {isa = PBXFileReference; explicitFileType = undefined; fileEncoding = 9; includeInIndex = 0; lastKnownFileType = unknown; name = "Montserrat-Black.ttf"; path = "../src/shared/assets/fonts/Montserrat-Black.ttf"; sourceTree = "<group>"; };
		C7D03E084D17447F94F52953 /* sparkspurple.png */ = {isa = PBXFileReference; explicitFileType = undefined; fileEncoding = 9; includeInIndex = 0; lastKnownFileType = unknown; name = sparkspurple.png; path = ../src/shared/assets/sparkspurple.png; sourceTree = "<group>"; };
		CB856292815147F29EAF7DE7 /* Montserrat-Bold.ttf */ = {isa = PBXFileReference; explicitFileType = undefined; fileEncoding = 9; includeInIndex = 0; lastKnownFileType = unknown; name = "Montserrat-Bold.ttf"; path = "../src/shared/assets/fonts/Montserrat-Bold.ttf"; sourceTree = "<group>"; };
		DC94E88575BB45F6B70F083C /* share.png */ = {isa = PBXFileReference; explicitFileType = undefined; fileEncoding = 9; includeInIndex = 0; lastKnownFileType = unknown; name = share.png; path = ../src/shared/assets/share.png; sourceTree = "<group>"; };
		DE49403B514C5226DA71BEF8 /* PrivacyInfo.xcprivacy */ = {isa = PBXFileReference; includeInIndex = 1; lastKnownFileType = text.xml; name = PrivacyInfo.xcprivacy; path = SunEnergy/PrivacyInfo.xcprivacy; sourceTree = "<group>"; };
		DFD530F4AE0E46899C8F78EE /* Montserrat-LightItalic.ttf */ = {isa = PBXFileReference; explicitFileType = undefined; fileEncoding = 9; includeInIndex = 0; lastKnownFileType = unknown; name = "Montserrat-LightItalic.ttf"; path = "../src/shared/assets/fonts/Montserrat-LightItalic.ttf"; sourceTree = "<group>"; };
		E4C93B59CDAD41D9A470E941 /* navprofile.png */ = {isa = PBXFileReference; explicitFileType = undefined; fileEncoding = 9; includeInIndex = 0; lastKnownFileType = unknown; name = navprofile.png; path = ../src/shared/assets/navprofile.png; sourceTree = "<group>"; };
		ED297162215061F000B7C4FE /* JavaScriptCore.framework */ = {isa = PBXFileReference; lastKnownFileType = wrapper.framework; name = JavaScriptCore.framework; path = System/Library/Frameworks/JavaScriptCore.framework; sourceTree = SDKROOT; };
		F287818FED2C4D9AA96E25AB /* Montserrat-ExtraBoldItalic.ttf */ = {isa = PBXFileReference; explicitFileType = undefined; fileEncoding = 9; includeInIndex = 0; lastKnownFileType = unknown; name = "Montserrat-ExtraBoldItalic.ttf"; path = "../src/shared/assets/fonts/Montserrat-ExtraBoldItalic.ttf"; sourceTree = "<group>"; };
/* End PBXFileReference section */

/* Begin PBXFrameworksBuildPhase section */
		00E356EB1AD99517003FC87E /* Frameworks */ = {
			isa = PBXFrameworksBuildPhase;
			buildActionMask = 2147483647;
			files = (
				7699B88040F8A987B510C191 /* libPods-SunEnergy-SunEnergyTests.a in Frameworks */,
			);
			runOnlyForDeploymentPostprocessing = 0;
		};
		13B07F8C1A680F5B00A75B9A /* Frameworks */ = {
			isa = PBXFrameworksBuildPhase;
			buildActionMask = 2147483647;
			files = (
				0C80B921A6F3F58F76C31292 /* libPods-SunEnergy.a in Frameworks */,
			);
			runOnlyForDeploymentPostprocessing = 0;
		};
/* End PBXFrameworksBuildPhase section */

/* Begin PBXGroup section */
		00E356EF1AD99517003FC87E /* SunEnergyTests */ = {
			isa = PBXGroup;
			children = (
				00E356F21AD99517003FC87E /* SunEnergyTests.m */,
				00E356F01AD99517003FC87E /* Supporting Files */,
			);
			path = SunEnergyTests;
			sourceTree = "<group>";
		};
		00E356F01AD99517003FC87E /* Supporting Files */ = {
			isa = PBXGroup;
			children = (
				00E356F11AD99517003FC87E /* Info.plist */,
			);
			name = "Supporting Files";
			sourceTree = "<group>";
		};
		13B07FAE1A68108700A75B9A /* SunEnergy */ = {
			isa = PBXGroup;
			children = (
				13B07FAF1A68108700A75B9A /* AppDelegate.h */,
				13B07FB01A68108700A75B9A /* AppDelegate.mm */,
				13B07FB51A68108700A75B9A /* Images.xcassets */,
				13B07FB61A68108700A75B9A /* Info.plist */,
				81AB9BB72411601600AC10FF /* LaunchScreen.storyboard */,
				13B07FB71A68108700A75B9A /* main.m */,
				13B07FB81A68108700A75B9A /* PrivacyInfo.xcprivacy */,
				DE49403B514C5226DA71BEF8 /* PrivacyInfo.xcprivacy */,
			);
			name = SunEnergy;
			sourceTree = "<group>";
		};
		2D16E6871FA4F8E400B85C8A /* Frameworks */ = {
			isa = PBXGroup;
			children = (
				ED297162215061F000B7C4FE /* JavaScriptCore.framework */,
				5DCACB8F33CDC322A6C60F78 /* libPods-SunEnergy.a */,
				19F6CBCC0A4E27FBF8BF4A61 /* libPods-SunEnergy-SunEnergyTests.a */,
			);
			name = Frameworks;
			sourceTree = "<group>";
		};
		2E0CCA54C89A410281552116 /* Resources */ = {
			isa = PBXGroup;
			children = (
				0396C7920E944FEA9E38304A /* DelaGothicOne-Regular.ttf */,
				C3ED523391D440DD91E2D63E /* Montserrat-Black.ttf */,
				6D9EE10DD96F4A009779F05A /* Montserrat-BlackItalic.ttf */,
				CB856292815147F29EAF7DE7 /* Montserrat-Bold.ttf */,
				B2088E085141438E927F5677 /* Montserrat-BoldItalic.ttf */,
				2D3B326F47684AA495253FDF /* Montserrat-ExtraBold.ttf */,
				F287818FED2C4D9AA96E25AB /* Montserrat-ExtraBoldItalic.ttf */,
				4BBFFE689C594B6292B47AA9 /* Montserrat-ExtraLight.ttf */,
				501D1CD9AE8F4186BE242E4D /* Montserrat-ExtraLightItalic.ttf */,
				0E876422692249B7A98C4928 /* Montserrat-Italic.ttf */,
				3B69710F3CAE41139AE6FE01 /* Montserrat-Light.ttf */,
				DFD530F4AE0E46899C8F78EE /* Montserrat-LightItalic.ttf */,
				10D1B42C1A004F928169B351 /* Montserrat-Medium.ttf */,
				B6924E22AD6E483894C231C2 /* Montserrat-MediumItalic.ttf */,
				8059194D14E74E38A55A4DD4 /* Montserrat-Regular.ttf */,
				7F3A92642A414912BB5C32F5 /* Montserrat-SemiBold.ttf */,
				041A351AFCB64FD18561B0BD /* Montserrat-SemiBoldItalic.ttf */,
				C1B8981653E2414985212AB4 /* Montserrat-Thin.ttf */,
				93B2D8724AB04BE68C91E251 /* Montserrat-ThinItalic.ttf */,
				75196898E7E2402CA6BE7149 /* bookmark.png */,
				7BEC4FD8581C47D1BD841317 /* checks.png */,
				1F98A8FFA57D409D9F3A3D7F /* navlight.png */,
				E4C93B59CDAD41D9A470E941 /* navprofile.png */,
				C0DEEA5C16DA49F88F9F4970 /* navshare.png */,
				87969D23B1AA4FAA914A08D3 /* onboardbg.png */,
				872EB1B3E987461E87DFD226 /* pause.png */,
				6FA466E93C054FA6BC97D263 /* profile.png */,
				B4DC55CD56E742DEB684401D /* reload.png */,
				DC94E88575BB45F6B70F083C /* share.png */,
				73B43FF6C44C40019BAEA44C /* sparksbig.png */,
				93021681B40D404C9B00417A /* sparksbutton.png */,
				C7D03E084D17447F94F52953 /* sparkspurple.png */,
				BBAE054933C943569480C829 /* stop.png */,
			);
			name = Resources;
			sourceTree = "<group>";
		};
		832341AE1AAA6A7D00B99B32 /* Libraries */ = {
			isa = PBXGroup;
			children = (
			);
			name = Libraries;
			sourceTree = "<group>";
		};
		83CBB9F61A601CBA00E9B192 = {
			isa = PBXGroup;
			children = (
				13B07FAE1A68108700A75B9A /* SunEnergy */,
				832341AE1AAA6A7D00B99B32 /* Libraries */,
				00E356EF1AD99517003FC87E /* SunEnergyTests */,
				83CBBA001A601CBA00E9B192 /* Products */,
				2D16E6871FA4F8E400B85C8A /* Frameworks */,
				BBD78D7AC51CEA395F1C20DB /* Pods */,
				2E0CCA54C89A410281552116 /* Resources */,
			);
			indentWidth = 2;
			sourceTree = "<group>";
			tabWidth = 2;
			usesTabs = 0;
		};
		83CBBA001A601CBA00E9B192 /* Products */ = {
			isa = PBXGroup;
			children = (
				13B07F961A680F5B00A75B9A /* SunEnergy.app */,
				00E356EE1AD99517003FC87E /* SunEnergyTests.xctest */,
			);
			name = Products;
			sourceTree = "<group>";
		};
		BBD78D7AC51CEA395F1C20DB /* Pods */ = {
			isa = PBXGroup;
			children = (
				3B4392A12AC88292D35C810B /* Pods-SunEnergy.debug.xcconfig */,
				5709B34CF0A7D63546082F79 /* Pods-SunEnergy.release.xcconfig */,
				5B7EB9410499542E8C5724F5 /* Pods-SunEnergy-SunEnergyTests.debug.xcconfig */,
				89C6BE57DB24E9ADA2F236DE /* Pods-SunEnergy-SunEnergyTests.release.xcconfig */,
			);
			path = Pods;
			sourceTree = "<group>";
		};
/* End PBXGroup section */

/* Begin PBXNativeTarget section */
		00E356ED1AD99517003FC87E /* SunEnergyTests */ = {
			isa = PBXNativeTarget;
			buildConfigurationList = 00E357021AD99517003FC87E /* Build configuration list for PBXNativeTarget "SunEnergyTests" */;
			buildPhases = (
				A55EABD7B0C7F3A422A6CC61 /* [CP] Check Pods Manifest.lock */,
				00E356EA1AD99517003FC87E /* Sources */,
				00E356EB1AD99517003FC87E /* Frameworks */,
				00E356EC1AD99517003FC87E /* Resources */,
				C59DA0FBD6956966B86A3779 /* [CP] Embed Pods Frameworks */,
				F6A41C54EA430FDDC6A6ED99 /* [CP] Copy Pods Resources */,
			);
			buildRules = (
			);
			dependencies = (
				00E356F51AD99517003FC87E /* PBXTargetDependency */,
			);
			name = SunEnergyTests;
			productName = SunEnergyTests;
			productReference = 00E356EE1AD99517003FC87E /* SunEnergyTests.xctest */;
			productType = "com.apple.product-type.bundle.unit-test";
		};
		13B07F861A680F5B00A75B9A /* SunEnergy */ = {
			isa = PBXNativeTarget;
			buildConfigurationList = 13B07F931A680F5B00A75B9A /* Build configuration list for PBXNativeTarget "SunEnergy" */;
			buildPhases = (
				C38B50BA6285516D6DCD4F65 /* [CP] Check Pods Manifest.lock */,
				13B07F871A680F5B00A75B9A /* Sources */,
				13B07F8C1A680F5B00A75B9A /* Frameworks */,
				13B07F8E1A680F5B00A75B9A /* Resources */,
				00DD1BFF1BD5951E006B06BC /* Bundle React Native code and images */,
				00EEFC60759A1932668264C0 /* [CP] Embed Pods Frameworks */,
				E235C05ADACE081382539298 /* [CP] Copy Pods Resources */,
			);
			buildRules = (
			);
			dependencies = (
			);
			name = SunEnergy;
			productName = SunEnergy;
			productReference = 13B07F961A680F5B00A75B9A /* SunEnergy.app */;
			productType = "com.apple.product-type.application";
		};
/* End PBXNativeTarget section */

/* Begin PBXProject section */
		83CBB9F71A601CBA00E9B192 /* Project object */ = {
			isa = PBXProject;
			attributes = {
				LastUpgradeCheck = 1210;
				TargetAttributes = {
					00E356ED1AD99517003FC87E = {
						CreatedOnToolsVersion = 6.2;
						TestTargetID = 13B07F861A680F5B00A75B9A;
					};
					13B07F861A680F5B00A75B9A = {
						LastSwiftMigration = 1120;
					};
				};
			};
			buildConfigurationList = 83CBB9FA1A601CBA00E9B192 /* Build configuration list for PBXProject "SunEnergy" */;
			compatibilityVersion = "Xcode 12.0";
			developmentRegion = en;
			hasScannedForEncodings = 0;
			knownRegions = (
				en,
				Base,
			);
			mainGroup = 83CBB9F61A601CBA00E9B192;
			productRefGroup = 83CBBA001A601CBA00E9B192 /* Products */;
			projectDirPath = "";
			projectRoot = "";
			targets = (
				13B07F861A680F5B00A75B9A /* SunEnergy */,
				00E356ED1AD99517003FC87E /* SunEnergyTests */,
			);
		};
/* End PBXProject section */

/* Begin PBXResourcesBuildPhase section */
		00E356EC1AD99517003FC87E /* Resources */ = {
			isa = PBXResourcesBuildPhase;
			buildActionMask = 2147483647;
			files = (
			);
			runOnlyForDeploymentPostprocessing = 0;
		};
		13B07F8E1A680F5B00A75B9A /* Resources */ = {
			isa = PBXResourcesBuildPhase;
			buildActionMask = 2147483647;
			files = (
				81AB9BB82411601600AC10FF /* LaunchScreen.storyboard in Resources */,
				13B07FBF1A68108700A75B9A /* Images.xcassets in Resources */,
				A1CE2AC2C190455CB7AE6CC0 /* DelaGothicOne-Regular.ttf in Resources */,
				FE05BDFD28CA40D98F494105 /* Montserrat-Black.ttf in Resources */,
				F9EF1B5CBA664C86925D3F0A /* Montserrat-BlackItalic.ttf in Resources */,
				5EDC208F15124BCDAC16C49C /* Montserrat-Bold.ttf in Resources */,
				74206BC750BE4848BBF197C7 /* Montserrat-BoldItalic.ttf in Resources */,
				600349A268D2440D9DE02FD6 /* Montserrat-ExtraBold.ttf in Resources */,
				91E441C4EF004B118EA9F149 /* Montserrat-ExtraBoldItalic.ttf in Resources */,
				2713EA1C4E78464994CA2EFE /* Montserrat-ExtraLight.ttf in Resources */,
				3ED847381B7C4B24842CDBFF /* Montserrat-ExtraLightItalic.ttf in Resources */,
				C7E58838CEB8463FA0C23EC1 /* Montserrat-Italic.ttf in Resources */,
				93C6F3D57EA34FABB3CEF977 /* Montserrat-Light.ttf in Resources */,
				BA0CB352DFC4413DAB71FCBC /* Montserrat-LightItalic.ttf in Resources */,
				D6B069C8C48C44F3B8878BDD /* Montserrat-Medium.ttf in Resources */,
				4608507038CE4331AC968C0B /* Montserrat-MediumItalic.ttf in Resources */,
				930E0294AA1F44FC8060954E /* Montserrat-Regular.ttf in Resources */,
				1EDDE5F32079460DAFE635DC /* Montserrat-SemiBold.ttf in Resources */,
				8503C8CCDFB147C39DA0B281 /* Montserrat-SemiBoldItalic.ttf in Resources */,
				141ECD6F3617456E8A4FFE2E /* Montserrat-Thin.ttf in Resources */,
				E15D339794884FC9850B6D21 /* Montserrat-ThinItalic.ttf in Resources */,
				8F9C8892806A4B28AC4F7CD2 /* bookmark.png in Resources */,
				91C51DCD29C74804AEF0A914 /* checks.png in Resources */,
				359CC05BAF144031BA4D93A2 /* navlight.png in Resources */,
				ACAD40B2CDD5410F9A9CFA00 /* navprofile.png in Resources */,
				704C3F998D77498DA6C70BAC /* navshare.png in Resources */,
				98BA7DA8727543879138B188 /* onboardbg.png in Resources */,
				7CD00C005D404040AFB7EF79 /* pause.png in Resources */,
				3A90C11CBEE044578CBFC25E /* profile.png in Resources */,
				345544B5CB05450B8FFADAA8 /* reload.png in Resources */,
				FB453E5724C84481B58D5745 /* share.png in Resources */,
				4508C6248D94413DB4D05432 /* sparksbig.png in Resources */,
				7B912E6D2E244284883F17E8 /* sparksbutton.png in Resources */,
				6FF0BA17D5E04E8C9C71298E /* sparkspurple.png in Resources */,
				AB40E52EE5CB452498EEEF31 /* stop.png in Resources */,
				CF0F392AA7B8834747F56184 /* PrivacyInfo.xcprivacy in Resources */,
			);
			runOnlyForDeploymentPostprocessing = 0;
		};
/* End PBXResourcesBuildPhase section */

/* Begin PBXShellScriptBuildPhase section */
		00DD1BFF1BD5951E006B06BC /* Bundle React Native code and images */ = {
			isa = PBXShellScriptBuildPhase;
			buildActionMask = 2147483647;
			files = (
			);
			inputPaths = (
				"$(SRCROOT)/.xcode.env.local",
				"$(SRCROOT)/.xcode.env",
			);
			name = "Bundle React Native code and images";
			outputPaths = (
			);
			runOnlyForDeploymentPostprocessing = 0;
			shellPath = /bin/sh;
			shellScript = "set -e\n\nWITH_ENVIRONMENT=\"$REACT_NATIVE_PATH/scripts/xcode/with-environment.sh\"\nREACT_NATIVE_XCODE=\"$REACT_NATIVE_PATH/scripts/react-native-xcode.sh\"\n\n/bin/sh -c \"$WITH_ENVIRONMENT $REACT_NATIVE_XCODE\"\n";
		};
		00EEFC60759A1932668264C0 /* [CP] Embed Pods Frameworks */ = {
			isa = PBXShellScriptBuildPhase;
			buildActionMask = 2147483647;
			files = (
			);
			inputFileListPaths = (
				"${PODS_ROOT}/Target Support Files/Pods-SunEnergy/Pods-SunEnergy-frameworks-${CONFIGURATION}-input-files.xcfilelist",
			);
			name = "[CP] Embed Pods Frameworks";
			outputFileListPaths = (
				"${PODS_ROOT}/Target Support Files/Pods-SunEnergy/Pods-SunEnergy-frameworks-${CONFIGURATION}-output-files.xcfilelist",
			);
			runOnlyForDeploymentPostprocessing = 0;
			shellPath = /bin/sh;
			shellScript = "\"${PODS_ROOT}/Target Support Files/Pods-SunEnergy/Pods-SunEnergy-frameworks.sh\"\n";
			showEnvVarsInLog = 0;
		};
		A55EABD7B0C7F3A422A6CC61 /* [CP] Check Pods Manifest.lock */ = {
			isa = PBXShellScriptBuildPhase;
			buildActionMask = 2147483647;
			files = (
			);
			inputFileListPaths = (
			);
			inputPaths = (
				"${PODS_PODFILE_DIR_PATH}/Podfile.lock",
				"${PODS_ROOT}/Manifest.lock",
			);
			name = "[CP] Check Pods Manifest.lock";
			outputFileListPaths = (
			);
			outputPaths = (
				"$(DERIVED_FILE_DIR)/Pods-SunEnergy-SunEnergyTests-checkManifestLockResult.txt",
			);
			runOnlyForDeploymentPostprocessing = 0;
			shellPath = /bin/sh;
			shellScript = "diff \"${PODS_PODFILE_DIR_PATH}/Podfile.lock\" \"${PODS_ROOT}/Manifest.lock\" > /dev/null\nif [ $? != 0 ] ; then\n    # print error to STDERR\n    echo \"error: The sandbox is not in sync with the Podfile.lock. Run 'pod install' or update your CocoaPods installation.\" >&2\n    exit 1\nfi\n# This output is used by Xcode 'outputs' to avoid re-running this script phase.\necho \"SUCCESS\" > \"${SCRIPT_OUTPUT_FILE_0}\"\n";
			showEnvVarsInLog = 0;
		};
		C38B50BA6285516D6DCD4F65 /* [CP] Check Pods Manifest.lock */ = {
			isa = PBXShellScriptBuildPhase;
			buildActionMask = 2147483647;
			files = (
			);
			inputFileListPaths = (
			);
			inputPaths = (
				"${PODS_PODFILE_DIR_PATH}/Podfile.lock",
				"${PODS_ROOT}/Manifest.lock",
			);
			name = "[CP] Check Pods Manifest.lock";
			outputFileListPaths = (
			);
			outputPaths = (
				"$(DERIVED_FILE_DIR)/Pods-SunEnergy-checkManifestLockResult.txt",
			);
			runOnlyForDeploymentPostprocessing = 0;
			shellPath = /bin/sh;
			shellScript = "diff \"${PODS_PODFILE_DIR_PATH}/Podfile.lock\" \"${PODS_ROOT}/Manifest.lock\" > /dev/null\nif [ $? != 0 ] ; then\n    # print error to STDERR\n    echo \"error: The sandbox is not in sync with the Podfile.lock. Run 'pod install' or update your CocoaPods installation.\" >&2\n    exit 1\nfi\n# This output is used by Xcode 'outputs' to avoid re-running this script phase.\necho \"SUCCESS\" > \"${SCRIPT_OUTPUT_FILE_0}\"\n";
			showEnvVarsInLog = 0;
		};
		C59DA0FBD6956966B86A3779 /* [CP] Embed Pods Frameworks */ = {
			isa = PBXShellScriptBuildPhase;
			buildActionMask = 2147483647;
			files = (
			);
			inputFileListPaths = (
				"${PODS_ROOT}/Target Support Files/Pods-SunEnergy-SunEnergyTests/Pods-SunEnergy-SunEnergyTests-frameworks-${CONFIGURATION}-input-files.xcfilelist",
			);
			name = "[CP] Embed Pods Frameworks";
			outputFileListPaths = (
				"${PODS_ROOT}/Target Support Files/Pods-SunEnergy-SunEnergyTests/Pods-SunEnergy-SunEnergyTests-frameworks-${CONFIGURATION}-output-files.xcfilelist",
			);
			runOnlyForDeploymentPostprocessing = 0;
			shellPath = /bin/sh;
			shellScript = "\"${PODS_ROOT}/Target Support Files/Pods-SunEnergy-SunEnergyTests/Pods-SunEnergy-SunEnergyTests-frameworks.sh\"\n";
			showEnvVarsInLog = 0;
		};
		E235C05ADACE081382539298 /* [CP] Copy Pods Resources */ = {
			isa = PBXShellScriptBuildPhase;
			buildActionMask = 2147483647;
			files = (
			);
			inputFileListPaths = (
				"${PODS_ROOT}/Target Support Files/Pods-SunEnergy/Pods-SunEnergy-resources-${CONFIGURATION}-input-files.xcfilelist",
			);
			name = "[CP] Copy Pods Resources";
			outputFileListPaths = (
				"${PODS_ROOT}/Target Support Files/Pods-SunEnergy/Pods-SunEnergy-resources-${CONFIGURATION}-output-files.xcfilelist",
			);
			runOnlyForDeploymentPostprocessing = 0;
			shellPath = /bin/sh;
			shellScript = "\"${PODS_ROOT}/Target Support Files/Pods-SunEnergy/Pods-SunEnergy-resources.sh\"\n";
			showEnvVarsInLog = 0;
		};
		F6A41C54EA430FDDC6A6ED99 /* [CP] Copy Pods Resources */ = {
			isa = PBXShellScriptBuildPhase;
			buildActionMask = 2147483647;
			files = (
			);
			inputFileListPaths = (
				"${PODS_ROOT}/Target Support Files/Pods-SunEnergy-SunEnergyTests/Pods-SunEnergy-SunEnergyTests-resources-${CONFIGURATION}-input-files.xcfilelist",
			);
			name = "[CP] Copy Pods Resources";
			outputFileListPaths = (
				"${PODS_ROOT}/Target Support Files/Pods-SunEnergy-SunEnergyTests/Pods-SunEnergy-SunEnergyTests-resources-${CONFIGURATION}-output-files.xcfilelist",
			);
			runOnlyForDeploymentPostprocessing = 0;
			shellPath = /bin/sh;
			shellScript = "\"${PODS_ROOT}/Target Support Files/Pods-SunEnergy-SunEnergyTests/Pods-SunEnergy-SunEnergyTests-resources.sh\"\n";
			showEnvVarsInLog = 0;
		};
/* End PBXShellScriptBuildPhase section */

/* Begin PBXSourcesBuildPhase section */
		00E356EA1AD99517003FC87E /* Sources */ = {
			isa = PBXSourcesBuildPhase;
			buildActionMask = 2147483647;
			files = (
				00E356F31AD99517003FC87E /* SunEnergyTests.m in Sources */,
			);
			runOnlyForDeploymentPostprocessing = 0;
		};
		13B07F871A680F5B00A75B9A /* Sources */ = {
			isa = PBXSourcesBuildPhase;
			buildActionMask = 2147483647;
			files = (
				13B07FBC1A68108700A75B9A /* AppDelegate.mm in Sources */,
				13B07FC11A68108700A75B9A /* main.m in Sources */,
			);
			runOnlyForDeploymentPostprocessing = 0;
		};
/* End PBXSourcesBuildPhase section */

/* Begin PBXTargetDependency section */
		00E356F51AD99517003FC87E /* PBXTargetDependency */ = {
			isa = PBXTargetDependency;
			target = 13B07F861A680F5B00A75B9A /* SunEnergy */;
			targetProxy = 00E356F41AD99517003FC87E /* PBXContainerItemProxy */;
		};
/* End PBXTargetDependency section */

/* Begin XCBuildConfiguration section */
		00E356F61AD99517003FC87E /* Debug */ = {
			isa = XCBuildConfiguration;
			baseConfigurationReference = 5B7EB9410499542E8C5724F5 /* Pods-SunEnergy-SunEnergyTests.debug.xcconfig */;
			buildSettings = {
				BUNDLE_LOADER = "$(TEST_HOST)";
				GCC_PREPROCESSOR_DEFINITIONS = (
					"DEBUG=1",
					"$(inherited)",
				);
				INFOPLIST_FILE = SunEnergyTests/Info.plist;
				IPHONEOS_DEPLOYMENT_TARGET = 13.4;
				LD_RUNPATH_SEARCH_PATHS = (
					"$(inherited)",
					"@executable_path/Frameworks",
					"@loader_path/Frameworks",
				);
				OTHER_LDFLAGS = (
					"-ObjC",
					"-lc++",
					"$(inherited)",
				);
				PRODUCT_BUNDLE_IDENTIFIER = com.sunofenergy.app;
				PRODUCT_NAME = "$(TARGET_NAME)";
				TEST_HOST = "$(BUILT_PRODUCTS_DIR)/SunEnergy.app/SunEnergy";
			};
			name = Debug;
		};
		00E356F71AD99517003FC87E /* Release */ = {
			isa = XCBuildConfiguration;
			baseConfigurationReference = 89C6BE57DB24E9ADA2F236DE /* Pods-SunEnergy-SunEnergyTests.release.xcconfig */;
			buildSettings = {
				BUNDLE_LOADER = "$(TEST_HOST)";
				COPY_PHASE_STRIP = NO;
				INFOPLIST_FILE = SunEnergyTests/Info.plist;
				IPHONEOS_DEPLOYMENT_TARGET = 13.4;
				LD_RUNPATH_SEARCH_PATHS = (
					"$(inherited)",
					"@executable_path/Frameworks",
					"@loader_path/Frameworks",
				);
				OTHER_LDFLAGS = (
					"-ObjC",
					"-lc++",
					"$(inherited)",
				);
				PRODUCT_BUNDLE_IDENTIFIER = com.sunofenergy.app;
				PRODUCT_NAME = "$(TARGET_NAME)";
				TEST_HOST = "$(BUILT_PRODUCTS_DIR)/SunEnergy.app/SunEnergy";
			};
			name = Release;
		};
		13B07F941A680F5B00A75B9A /* Debug */ = {
			isa = XCBuildConfiguration;
			baseConfigurationReference = 3B4392A12AC88292D35C810B /* Pods-SunEnergy.debug.xcconfig */;
			buildSettings = {
				ASSETCATALOG_COMPILER_APPICON_NAME = AppIcon;
				CLANG_ENABLE_MODULES = YES;
				CURRENT_PROJECT_VERSION = 1;
				ENABLE_BITCODE = NO;
				INFOPLIST_FILE = SunEnergy/Info.plist;
				LD_RUNPATH_SEARCH_PATHS = (
					"$(inherited)",
					"@executable_path/Frameworks",
				);
				MARKETING_VERSION = 1.0;
				OTHER_LDFLAGS = (
					"$(inherited)",
					"-ObjC",
					"-lc++",
				);
				PRODUCT_BUNDLE_IDENTIFIER = com.sunofenergy.app;
				PRODUCT_NAME = SunEnergy;
				SWIFT_OPTIMIZATION_LEVEL = "-Onone";
				SWIFT_VERSION = 5.0;
				VERSIONING_SYSTEM = "apple-generic";
			};
			name = Debug;
		};
		13B07F951A680F5B00A75B9A /* Release */ = {
			isa = XCBuildConfiguration;
			baseConfigurationReference = 5709B34CF0A7D63546082F79 /* Pods-SunEnergy.release.xcconfig */;
			buildSettings = {
				ASSETCATALOG_COMPILER_APPICON_NAME = AppIcon;
				CLANG_ENABLE_MODULES = YES;
				CURRENT_PROJECT_VERSION = 1;
				INFOPLIST_FILE = SunEnergy/Info.plist;
				LD_RUNPATH_SEARCH_PATHS = (
					"$(inherited)",
					"@executable_path/Frameworks",
				);
				MARKETING_VERSION = 1.0;
				OTHER_LDFLAGS = (
					"$(inherited)",
					"-ObjC",
					"-lc++",
				);
				PRODUCT_BUNDLE_IDENTIFIER = com.sunofenergy.app;
				PRODUCT_NAME = SunEnergy;
				SWIFT_VERSION = 5.0;
				VERSIONING_SYSTEM = "apple-generic";
			};
			name = Release;
		};
		83CBBA201A601CBA00E9B192 /* Debug */ = {
			isa = XCBuildConfiguration;
			buildSettings = {
				ALWAYS_SEARCH_USER_PATHS = NO;
				CC = "";
				CLANG_ANALYZER_LOCALIZABILITY_NONLOCALIZED = YES;
				CLANG_CXX_LANGUAGE_STANDARD = "c++20";
				CLANG_CXX_LIBRARY = "libc++";
				CLANG_ENABLE_MODULES = YES;
				CLANG_ENABLE_OBJC_ARC = YES;
				CLANG_WARN_BLOCK_CAPTURE_AUTORELEASING = YES;
				CLANG_WARN_BOOL_CONVERSION = YES;
				CLANG_WARN_COMMA = YES;
				CLANG_WARN_CONSTANT_CONVERSION = YES;
				CLANG_WARN_DEPRECATED_OBJC_IMPLEMENTATIONS = YES;
				CLANG_WARN_DIRECT_OBJC_ISA_USAGE = YES_ERROR;
				CLANG_WARN_EMPTY_BODY = YES;
				CLANG_WARN_ENUM_CONVERSION = YES;
				CLANG_WARN_INFINITE_RECURSION = YES;
				CLANG_WARN_INT_CONVERSION = YES;
				CLANG_WARN_NON_LITERAL_NULL_CONVERSION = YES;
				CLANG_WARN_OBJC_IMPLICIT_RETAIN_SELF = YES;
				CLANG_WARN_OBJC_LITERAL_CONVERSION = YES;
				CLANG_WARN_OBJC_ROOT_CLASS = YES_ERROR;
				CLANG_WARN_QUOTED_INCLUDE_IN_FRAMEWORK_HEADER = YES;
				CLANG_WARN_RANGE_LOOP_ANALYSIS = YES;
				CLANG_WARN_STRICT_PROTOTYPES = YES;
				CLANG_WARN_SUSPICIOUS_MOVE = YES;
				CLANG_WARN_UNREACHABLE_CODE = YES;
				CLANG_WARN__DUPLICATE_METHOD_MATCH = YES;
				"CODE_SIGN_IDENTITY[sdk=iphoneos*]" = "iPhone Developer";
				COPY_PHASE_STRIP = NO;
				CXX = "";
				ENABLE_STRICT_OBJC_MSGSEND = YES;
				ENABLE_TESTABILITY = YES;
				"EXCLUDED_ARCHS[sdk=iphonesimulator*]" = "";
				GCC_C_LANGUAGE_STANDARD = gnu99;
				GCC_DYNAMIC_NO_PIC = NO;
				GCC_NO_COMMON_BLOCKS = YES;
				GCC_OPTIMIZATION_LEVEL = 0;
				GCC_PREPROCESSOR_DEFINITIONS = (
					"DEBUG=1",
					"$(inherited)",
				);
				GCC_SYMBOLS_PRIVATE_EXTERN = NO;
				GCC_WARN_64_TO_32_BIT_CONVERSION = YES;
				GCC_WARN_ABOUT_RETURN_TYPE = YES_ERROR;
				GCC_WARN_UNDECLARED_SELECTOR = YES;
				GCC_WARN_UNINITIALIZED_AUTOS = YES_AGGRESSIVE;
				GCC_WARN_UNUSED_FUNCTION = YES;
				GCC_WARN_UNUSED_VARIABLE = YES;
				IPHONEOS_DEPLOYMENT_TARGET = 13.4;
				LD = "";
				LDPLUSPLUS = "";
				LD_RUNPATH_SEARCH_PATHS = (
					/usr/lib/swift,
					"$(inherited)",
				);
				LIBRARY_SEARCH_PATHS = (
					"\"$(SDKROOT)/usr/lib/swift\"",
					"\"$(TOOLCHAIN_DIR)/usr/lib/swift/$(PLATFORM_NAME)\"",
					"\"$(inherited)\"",
				);
				MTL_ENABLE_DEBUG_INFO = YES;
				ONLY_ACTIVE_ARCH = YES;
				OTHER_CPLUSPLUSFLAGS = (
					"$(OTHER_CFLAGS)",
					"-DFOLLY_NO_CONFIG",
					"-DFOLLY_MOBILE=1",
					"-DFOLLY_USE_LIBCPP=1",
					"-DFOLLY_CFG_NO_COROUTINES=1",
					"-DFOLLY_HAVE_CLOCK_GETTIME=1",
				);
				OTHER_LDFLAGS = (
					"$(inherited)",
					" ",
				);
				REACT_NATIVE_PATH = "${PODS_ROOT}/../../node_modules/react-native";
				SDKROOT = iphoneos;
				USE_HERMES = true;
			};
			name = Debug;
		};
		83CBBA211A601CBA00E9B192 /* Release */ = {
			isa = XCBuildConfiguration;
			buildSettings = {
				ALWAYS_SEARCH_USER_PATHS = NO;
				CC = "";
				CLANG_ANALYZER_LOCALIZABILITY_NONLOCALIZED = YES;
				CLANG_CXX_LANGUAGE_STANDARD = "c++20";
				CLANG_CXX_LIBRARY = "libc++";
				CLANG_ENABLE_MODULES = YES;
				CLANG_ENABLE_OBJC_ARC = YES;
				CLANG_WARN_BLOCK_CAPTURE_AUTORELEASING = YES;
				CLANG_WARN_BOOL_CONVERSION = YES;
				CLANG_WARN_COMMA = YES;
				CLANG_WARN_CONSTANT_CONVERSION = YES;
				CLANG_WARN_DEPRECATED_OBJC_IMPLEMENTATIONS = YES;
				CLANG_WARN_DIRECT_OBJC_ISA_USAGE = YES_ERROR;
				CLANG_WARN_EMPTY_BODY = YES;
				CLANG_WARN_ENUM_CONVERSION = YES;
				CLANG_WARN_INFINITE_RECURSION = YES;
				CLANG_WARN_INT_CONVERSION = YES;
				CLANG_WARN_NON_LITERAL_NULL_CONVERSION = YES;
				CLANG_WARN_OBJC_IMPLICIT_RETAIN_SELF = YES;
				CLANG_WARN_OBJC_LITERAL_CONVERSION = YES;
				CLANG_WARN_OBJC_ROOT_CLASS = YES_ERROR;
				CLANG_WARN_QUOTED_INCLUDE_IN_FRAMEWORK_HEADER = YES;
				CLANG_WARN_RANGE_LOOP_ANALYSIS = YES;
				CLANG_WARN_STRICT_PROTOTYPES = YES;
				CLANG_WARN_SUSPICIOUS_MOVE = YES;
				CLANG_WARN_UNREACHABLE_CODE = YES;
				CLANG_WARN__DUPLICATE_METHOD_MATCH = YES;
				"CODE_SIGN_IDENTITY[sdk=iphoneos*]" = "iPhone Developer";
				COPY_PHASE_STRIP = YES;
				CXX = "";
				ENABLE_NS_ASSERTIONS = NO;
				ENABLE_STRICT_OBJC_MSGSEND = YES;
				"EXCLUDED_ARCHS[sdk=iphonesimulator*]" = "";
				GCC_C_LANGUAGE_STANDARD = gnu99;
				GCC_NO_COMMON_BLOCKS = YES;
				GCC_WARN_64_TO_32_BIT_CONVERSION = YES;
				GCC_WARN_ABOUT_RETURN_TYPE = YES_ERROR;
				GCC_WARN_UNDECLARED_SELECTOR = YES;
				GCC_WARN_UNINITIALIZED_AUTOS = YES_AGGRESSIVE;
				GCC_WARN_UNUSED_FUNCTION = YES;
				GCC_WARN_UNUSED_VARIABLE = YES;
				IPHONEOS_DEPLOYMENT_TARGET = 13.4;
				LD = "";
				LDPLUSPLUS = "";
				LD_RUNPATH_SEARCH_PATHS = (
					/usr/lib/swift,
					"$(inherited)",
				);
				LIBRARY_SEARCH_PATHS = (
					"\"$(SDKROOT)/usr/lib/swift\"",
					"\"$(TOOLCHAIN_DIR)/usr/lib/swift/$(PLATFORM_NAME)\"",
					"\"$(inherited)\"",
				);
				MTL_ENABLE_DEBUG_INFO = NO;
				OTHER_CPLUSPLUSFLAGS = (
					"$(OTHER_CFLAGS)",
					"-DFOLLY_NO_CONFIG",
					"-DFOLLY_MOBILE=1",
					"-DFOLLY_USE_LIBCPP=1",
					"-DFOLLY_CFG_NO_COROUTINES=1",
					"-DFOLLY_HAVE_CLOCK_GETTIME=1",
				);
				OTHER_LDFLAGS = (
					"$(inherited)",
					" ",
				);
				REACT_NATIVE_PATH = "${PODS_ROOT}/../../node_modules/react-native";
				SDKROOT = iphoneos;
				USE_HERMES = true;
				VALIDATE_PRODUCT = YES;
			};
			name = Release;
		};
/* End XCBuildConfiguration section */

/* Begin XCConfigurationList section */
		00E357021AD99517003FC87E /* Build configuration list for PBXNativeTarget "SunEnergyTests" */ = {
			isa = XCConfigurationList;
			buildConfigurations = (
				00E356F61AD99517003FC87E /* Debug */,
				00E356F71AD99517003FC87E /* Release */,
			);
			defaultConfigurationIsVisible = 0;
			defaultConfigurationName = Release;
		};
		13B07F931A680F5B00A75B9A /* Build configuration list for PBXNativeTarget "SunEnergy" */ = {
			isa = XCConfigurationList;
			buildConfigurations = (
				13B07F941A680F5B00A75B9A /* Debug */,
				13B07F951A680F5B00A75B9A /* Release */,
			);
			defaultConfigurationIsVisible = 0;
			defaultConfigurationName = Release;
		};
		83CBB9FA1A601CBA00E9B192 /* Build configuration list for PBXProject "SunEnergy" */ = {
			isa = XCConfigurationList;
			buildConfigurations = (
				83CBBA201A601CBA00E9B192 /* Debug */,
				83CBBA211A601CBA00E9B192 /* Release */,
			);
			defaultConfigurationIsVisible = 0;
			defaultConfigurationName = Release;
		};
/* End XCConfigurationList section */
	};
	rootObject = 83CBB9F71A601CBA00E9B192 /* Project object */;
}
